# What scripts/map-tiles.sh uploads to R2. Written by --update; a normal
# run uploads nothing unless what it builds matches every line. Protomaps
# keeps a build about a week, so upload soon after committing this.
build=20261009
bbox=103.755,1.280,103.830,1.332
minzoom=12
pmtiles_version=1.31.2
pmtiles_sha256=e32b43402a82f4363b06466ab9f14d4d2f5b4397a9c5ff0751fa3b2fc77a67e0
pmtiles_bytes=3374608
assets_commit=028c18f713baecad011301ff7a69acc39bcc2ae7
noto_cjk_tag=Sans2.004
glyphs_version=cli-v1.5.1
# SHA-256 over the sorted "<sha256>  <path>" lines of every font and icon file.
assets_files=776
assets_sha256=38152b0a8711f8e5a9699083f9fd957b37446f155b24828ba155b0a86c926a61
